
Microsoft Visual Studio Solution File, Format Version 12.00
# Visual Studio Version 16
VisualStudioVersion = 16.0.29009.5
MinimumVisualStudioVersion = 10.0.40219.1
Project("{FAE04EC0-301F-11D3-BF4B-00C04F79EFBC}") = "astar", "astar\astar.csproj", "{64C871F2-1C93-46D0-8762-4FF754B8221E}"
EndProject
Global
	GlobalSection(SolutionConfigurationPlatforms) = preSolution
		Debug|Any CPU = Debug|Any CPU
		Release|Any CPU = Release|Any CPU
	EndGlobalSection
	GlobalSection(ProjectConfigurationPlatforms) = postSolution
		{64C871F2-1C93-46D0-8762-4FF754B8221E}.Debug|Any CPU.ActiveCfg = Debug|Any CPU
		{64C871F2-1C93-46D0-8762-4FF754B8221E}.Debug|Any CPU.Build.0 = Debug|Any CPU
		{64C871F2-1C93-46D0-8762-4FF754B8221E}.Release|Any CPU.ActiveCfg = Release|Any CPU
		{64C871F2-1C93-46D0-8762-4FF754B8221E}.Release|Any CPU.Build.0 = Release|Any CPU
	EndGlobalSection
	GlobalSection(SolutionProperties) = preSolution
		HideSolutionNode = FALSE
	EndGlobalSection
	GlobalSection(ExtensibilityGlobals) = postSolution
		SolutionGuid = {DB626885-DCD5-435D-8828-5164E6A345A7}
	EndGlobalSection
EndGlobal
